
Microsoft Visual Studio Solution File, Format Version 12.00
# Visual Studio 15
VisualStudioVersion = 15.0.28010.2036
MinimumVisualStudioVersion = 10.0.40219.1
Project("{FAE04EC0-301F-11D3-BF4B-00C04F79EFBC}") = "ddbapplication", "ddbapplication\ddbapplication.csproj", "{51B73C5F-EB5D-468F-9102-B0792E7032CB}"
EndProject
Global
	GlobalSection(SolutionConfigurationPlatforms) = preSolution
		Debug|Any CPU = Debug|Any CPU
		Release|Any CPU = Release|Any CPU
	EndGlobalSection
	GlobalSection(ProjectConfigurationPlatforms) = postSolution
		{51B73C5F-EB5D-468F-9102-B0792E7032CB}.Debug|Any CPU.ActiveCfg = Debug|Any CPU
		{51B73C5F-EB5D-468F-9102-B0792E7032CB}.Debug|Any CPU.Build.0 = Debug|Any CPU
		{51B73C5F-EB5D-468F-9102-B0792E7032CB}.Release|Any CPU.ActiveCfg = Release|Any CPU
		{51B73C5F-EB5D-468F-9102-B0792E7032CB}.Release|Any CPU.Build.0 = Release|Any CPU
	EndGlobalSection
	GlobalSection(SolutionProperties) = preSolution
		HideSolutionNode = FALSE
	EndGlobalSection
	GlobalSection(ExtensibilityGlobals) = postSolution
		SolutionGuid = {61B92611-C69C-4244-B02B-AD387CC76563}
	EndGlobalSection
EndGlobal
